
Microsoft Visual Studio Solution File, Format Version 12.00
# Visual Studio Version 16
VisualStudioVersion = 16.0.31205.134
MinimumVisualStudioVersion = 10.0.40219.1
Project("{9A19103F-16F7-4668-BE54-9A1E7A4F7556}") = "TextService", "TextService\TextService.csproj", "{EAF47B8C-F5E5-4BD8-B662-8C656B6967E2}"
EndProject
Project("{9A19103F-16F7-4668-BE54-9A1E7A4F7556}") = "RepositoryBase", "..\RepositoryBase\RepositoryBase\RepositoryBase.csproj", "{90F74624-B487-4128-805A-64582DAB62A7}"
EndProject
Project("{9A19103F-16F7-4668-BE54-9A1E7A4F7556}") = "TextRepository", "..\TextRepository\TextRepository\TextRepository.csproj", "{90A99049-25BB-4649-90E7-88BB7AD48EBE}"
EndProject
Project("{9A19103F-16F7-4668-BE54-9A1E7A4F7556}") = "TextDataBaseMigrator", "..\TextRepository\TextDataBaseMigrator\TextDataBaseMigrator.csproj", "{CDF17CE6-0076-4145-BFE6-50FA67ADB31B}"
EndProject
Global
	GlobalSection(SolutionConfigurationPlatforms) = preSolution
		Debug|Any CPU = Debug|Any CPU
		Release|Any CPU = Release|Any CPU
	EndGlobalSection
	GlobalSection(ProjectConfigurationPlatforms) = postSolution
		{EAF47B8C-F5E5-4BD8-B662-8C656B6967E2}.Debug|Any CPU.ActiveCfg = Debug|Any CPU
		{EAF47B8C-F5E5-4BD8-B662-8C656B6967E2}.Debug|Any CPU.Build.0 = Debug|Any CPU
		{EAF47B8C-F5E5-4BD8-B662-8C656B6967E2}.Release|Any CPU.ActiveCfg = Release|Any CPU
		{EAF47B8C-F5E5-4BD8-B662-8C656B6967E2}.Release|Any CPU.Build.0 = Release|Any CPU
		{90F74624-B487-4128-805A-64582DAB62A7}.Debug|Any CPU.ActiveCfg = Debug|Any CPU
		{90F74624-B487-4128-805A-64582DAB62A7}.Debug|Any CPU.Build.0 = Debug|Any CPU
		{90F74624-B487-4128-805A-64582DAB62A7}.Release|Any CPU.ActiveCfg = Release|Any CPU
		{90F74624-B487-4128-805A-64582DAB62A7}.Release|Any CPU.Build.0 = Release|Any CPU
		{90A99049-25BB-4649-90E7-88BB7AD48EBE}.Debug|Any CPU.ActiveCfg = Debug|Any CPU
		{90A99049-25BB-4649-90E7-88BB7AD48EBE}.Debug|Any CPU.Build.0 = Debug|Any CPU
		{90A99049-25BB-4649-90E7-88BB7AD48EBE}.Release|Any CPU.ActiveCfg = Release|Any CPU
		{90A99049-25BB-4649-90E7-88BB7AD48EBE}.Release|Any CPU.Build.0 = Release|Any CPU
		{CDF17CE6-0076-4145-BFE6-50FA67ADB31B}.Debug|Any CPU.ActiveCfg = Debug|Any CPU
		{CDF17CE6-0076-4145-BFE6-50FA67ADB31B}.Debug|Any CPU.Build.0 = Debug|Any CPU
		{CDF17CE6-0076-4145-BFE6-50FA67ADB31B}.Release|Any CPU.ActiveCfg = Release|Any CPU
		{CDF17CE6-0076-4145-BFE6-50FA67ADB31B}.Release|Any CPU.Build.0 = Release|Any CPU
	EndGlobalSection
	GlobalSection(SolutionProperties) = preSolution
		HideSolutionNode = FALSE
	EndGlobalSection
	GlobalSection(ExtensibilityGlobals) = postSolution
		SolutionGuid = {189341F7-0A70-4A94-847C-68C17E2B0984}
	EndGlobalSection
EndGlobal
