
Microsoft Visual Studio Solution File, Format Version 12.00
# Visual Studio Version 16
VisualStudioVersion = 16.0.30804.86
MinimumVisualStudioVersion = 10.0.40219.1
Project("{FAE04EC0-301F-11D3-BF4B-00C04F79EFBC}") = "HexExpression", "HexExpression\HexExpression.csproj", "{0055DC64-D88E-4AEF-9412-221267EB4AC5}"
EndProject
Global
	GlobalSection(SolutionConfigurationPlatforms) = preSolution
		Debug|Any CPU = Debug|Any CPU
		Release|Any CPU = Release|Any CPU
	EndGlobalSection
	GlobalSection(ProjectConfigurationPlatforms) = postSolution
		{0055DC64-D88E-4AEF-9412-221267EB4AC5}.Debug|Any CPU.ActiveCfg = Debug|Any CPU
		{0055DC64-D88E-4AEF-9412-221267EB4AC5}.Debug|Any CPU.Build.0 = Debug|Any CPU
		{0055DC64-D88E-4AEF-9412-221267EB4AC5}.Release|Any CPU.ActiveCfg = Release|Any CPU
		{0055DC64-D88E-4AEF-9412-221267EB4AC5}.Release|Any CPU.Build.0 = Release|Any CPU
	EndGlobalSection
	GlobalSection(SolutionProperties) = preSolution
		HideSolutionNode = FALSE
	EndGlobalSection
	GlobalSection(ExtensibilityGlobals) = postSolution
		SolutionGuid = {0D1A74D9-62BF-4FDC-9BB1-34C6215E9787}
	EndGlobalSection
EndGlobal
